
Microsoft Visual Studio Solution File, Format Version 12.00
# Visual Studio Version 17
VisualStudioVersion = 17.0.31903.59
MinimumVisualStudioVersion = 10.0.40219.1
Project("{FAE04EC0-301F-11D3-BF4B-00C04F79EFBC}") = "SGE.Aplicacion", "SGE.Aplicacion\SGE.Aplicacion.csproj", "{3466C74E-175B-42EA-806B-96C3BC76C603}"
EndProject
Project("{FAE04EC0-301F-11D3-BF4B-00C04F79EFBC}") = "SGE.Consola", "SGE.Consola\SGE.Consola.csproj", "{01A82051-03D2-4F06-AB41-E246CF74F488}"
EndProject
Project("{FAE04EC0-301F-11D3-BF4B-00C04F79EFBC}") = "SGE.Repositorios", "SGE.Repositorios\SGE.Repositorios.csproj", "{D1A75658-DABF-49B6-A930-73DE6ED0ADAC}"
EndProject
Global
	GlobalSection(SolutionConfigurationPlatforms) = preSolution
		Debug|Any CPU = Debug|Any CPU
		Release|Any CPU = Release|Any CPU
	EndGlobalSection
	GlobalSection(SolutionProperties) = preSolution
		HideSolutionNode = FALSE
	EndGlobalSection
	GlobalSection(ProjectConfigurationPlatforms) = postSolution
		{3466C74E-175B-42EA-806B-96C3BC76C603}.Debug|Any CPU.ActiveCfg = Debug|Any CPU
		{3466C74E-175B-42EA-806B-96C3BC76C603}.Debug|Any CPU.Build.0 = Debug|Any CPU
		{3466C74E-175B-42EA-806B-96C3BC76C603}.Release|Any CPU.ActiveCfg = Release|Any CPU
		{3466C74E-175B-42EA-806B-96C3BC76C603}.Release|Any CPU.Build.0 = Release|Any CPU
		{01A82051-03D2-4F06-AB41-E246CF74F488}.Debug|Any CPU.ActiveCfg = Debug|Any CPU
		{01A82051-03D2-4F06-AB41-E246CF74F488}.Debug|Any CPU.Build.0 = Debug|Any CPU
		{01A82051-03D2-4F06-AB41-E246CF74F488}.Release|Any CPU.ActiveCfg = Release|Any CPU
		{01A82051-03D2-4F06-AB41-E246CF74F488}.Release|Any CPU.Build.0 = Release|Any CPU
		{D1A75658-DABF-49B6-A930-73DE6ED0ADAC}.Debug|Any CPU.ActiveCfg = Debug|Any CPU
		{D1A75658-DABF-49B6-A930-73DE6ED0ADAC}.Debug|Any CPU.Build.0 = Debug|Any CPU
		{D1A75658-DABF-49B6-A930-73DE6ED0ADAC}.Release|Any CPU.ActiveCfg = Release|Any CPU
		{D1A75658-DABF-49B6-A930-73DE6ED0ADAC}.Release|Any CPU.Build.0 = Release|Any CPU
	EndGlobalSection
EndGlobal
